
Microsoft Visual Studio Solution File, Format Version 12.00
# Visual Studio Version 17
VisualStudioVersion = 17.3.32825.248
MinimumVisualStudioVersion = 10.0.40219.1
Project("{FAE04EC0-301F-11D3-BF4B-00C04F79EFBC}") = "week4loops", "week4loops\week4loops.csproj", "{B6E47E79-7ED6-4BFC-A1C0-AD659614300A}"
EndProject
Project("{FAE04EC0-301F-11D3-BF4B-00C04F79EFBC}") = "ForLoopSum", "ForLoopSum\ForLoopSum.csproj", "{7B96A094-CAE4-4087-AC11-DB81DACA1B06}"
EndProject
Project("{FAE04EC0-301F-11D3-BF4B-00C04F79EFBC}") = "random number", "random number\random number.csproj", "{8501CDA6-0AE5-440F-96BC-6D3978276EEF}"
EndProject
Project("{FAE04EC0-301F-11D3-BF4B-00C04F79EFBC}") = "Whileloop", "Whileloop\Whileloop.csproj", "{E8CE0167-4D80-4D5B-AEBC-2EE530DCB4C6}"
EndProject
Global
	GlobalSection(SolutionConfigurationPlatforms) = preSolution
		Debug|Any CPU = Debug|Any CPU
		Release|Any CPU = Release|Any CPU
	EndGlobalSection
	GlobalSection(ProjectConfigurationPlatforms) = postSolution
		{B6E47E79-7ED6-4BFC-A1C0-AD659614300A}.Debug|Any CPU.ActiveCfg = Debug|Any CPU
		{B6E47E79-7ED6-4BFC-A1C0-AD659614300A}.Debug|Any CPU.Build.0 = Debug|Any CPU
		{B6E47E79-7ED6-4BFC-A1C0-AD659614300A}.Release|Any CPU.ActiveCfg = Release|Any CPU
		{B6E47E79-7ED6-4BFC-A1C0-AD659614300A}.Release|Any CPU.Build.0 = Release|Any CPU
		{7B96A094-CAE4-4087-AC11-DB81DACA1B06}.Debug|Any CPU.ActiveCfg = Debug|Any CPU
		{7B96A094-CAE4-4087-AC11-DB81DACA1B06}.Debug|Any CPU.Build.0 = Debug|Any CPU
		{7B96A094-CAE4-4087-AC11-DB81DACA1B06}.Release|Any CPU.ActiveCfg = Release|Any CPU
		{7B96A094-CAE4-4087-AC11-DB81DACA1B06}.Release|Any CPU.Build.0 = Release|Any CPU
		{8501CDA6-0AE5-440F-96BC-6D3978276EEF}.Debug|Any CPU.ActiveCfg = Debug|Any CPU
		{8501CDA6-0AE5-440F-96BC-6D3978276EEF}.Debug|Any CPU.Build.0 = Debug|Any CPU
		{8501CDA6-0AE5-440F-96BC-6D3978276EEF}.Release|Any CPU.ActiveCfg = Release|Any CPU
		{8501CDA6-0AE5-440F-96BC-6D3978276EEF}.Release|Any CPU.Build.0 = Release|Any CPU
		{E8CE0167-4D80-4D5B-AEBC-2EE530DCB4C6}.Debug|Any CPU.ActiveCfg = Debug|Any CPU
		{E8CE0167-4D80-4D5B-AEBC-2EE530DCB4C6}.Debug|Any CPU.Build.0 = Debug|Any CPU
		{E8CE0167-4D80-4D5B-AEBC-2EE530DCB4C6}.Release|Any CPU.ActiveCfg = Release|Any CPU
		{E8CE0167-4D80-4D5B-AEBC-2EE530DCB4C6}.Release|Any CPU.Build.0 = Release|Any CPU
	EndGlobalSection
	GlobalSection(SolutionProperties) = preSolution
		HideSolutionNode = FALSE
	EndGlobalSection
	GlobalSection(ExtensibilityGlobals) = postSolution
		SolutionGuid = {08F8605A-88FC-45D7-900C-24A6A97A7FE1}
	EndGlobalSection
EndGlobal
